
Microsoft Visual Studio Solution File, Format Version 12.00
# Visual Studio 15
VisualStudioVersion = 15.0.27130.2036
MinimumVisualStudioVersion = 10.0.40219.1
Project("{FAE04EC0-301F-11D3-BF4B-00C04F79EFBC}") = "WPFViews", "WPFSistema\WPFViews.csproj", "{67724DD9-9ED3-457D-B778-1136AF71FA68}"
EndProject
Project("{FAE04EC0-301F-11D3-BF4B-00C04F79EFBC}") = "Models", "Models\Models.csproj", "{480FB8EE-B9C1-44E1-9BFD-73078F7D474F}"
EndProject
Project("{FAE04EC0-301F-11D3-BF4B-00C04F79EFBC}") = "Controllers", "Controllers\Controllers.csproj", "{878C8747-480F-4361-B98A-8C26AF08079E}"
EndProject
Global
	GlobalSection(SolutionConfigurationPlatforms) = preSolution
		Debug|Any CPU = Debug|Any CPU
		Release|Any CPU = Release|Any CPU
	EndGlobalSection
	GlobalSection(ProjectConfigurationPlatforms) = postSolution
		{67724DD9-9ED3-457D-B778-1136AF71FA68}.Debug|Any CPU.ActiveCfg = Debug|Any CPU
		{67724DD9-9ED3-457D-B778-1136AF71FA68}.Debug|Any CPU.Build.0 = Debug|Any CPU
		{67724DD9-9ED3-457D-B778-1136AF71FA68}.Release|Any CPU.ActiveCfg = Release|Any CPU
		{67724DD9-9ED3-457D-B778-1136AF71FA68}.Release|Any CPU.Build.0 = Release|Any CPU
		{480FB8EE-B9C1-44E1-9BFD-73078F7D474F}.Debug|Any CPU.ActiveCfg = Debug|Any CPU
		{480FB8EE-B9C1-44E1-9BFD-73078F7D474F}.Debug|Any CPU.Build.0 = Debug|Any CPU
		{480FB8EE-B9C1-44E1-9BFD-73078F7D474F}.Release|Any CPU.ActiveCfg = Release|Any CPU
		{480FB8EE-B9C1-44E1-9BFD-73078F7D474F}.Release|Any CPU.Build.0 = Release|Any CPU
		{878C8747-480F-4361-B98A-8C26AF08079E}.Debug|Any CPU.ActiveCfg = Debug|Any CPU
		{878C8747-480F-4361-B98A-8C26AF08079E}.Debug|Any CPU.Build.0 = Debug|Any CPU
		{878C8747-480F-4361-B98A-8C26AF08079E}.Release|Any CPU.ActiveCfg = Release|Any CPU
		{878C8747-480F-4361-B98A-8C26AF08079E}.Release|Any CPU.Build.0 = Release|Any CPU
	EndGlobalSection
	GlobalSection(SolutionProperties) = preSolution
		HideSolutionNode = FALSE
	EndGlobalSection
	GlobalSection(ExtensibilityGlobals) = postSolution
		SolutionGuid = {83A51361-456A-48E8-8C9A-A93F185E5B59}
	EndGlobalSection
EndGlobal
